
Microsoft Visual Studio Solution File, Format Version 12.00
# Visual Studio Version 17
VisualStudioVersion = 17.11.35327.3
MinimumVisualStudioVersion = 10.0.40219.1
Project("{9A19103F-16F7-4668-BE54-9A1E7A4F7556}") = "ADONET", "P22\ADONET.csproj", "{6CB7EA32-3ADD-471C-B8DE-8D5202103A97}"
EndProject
Project("{9A19103F-16F7-4668-BE54-9A1E7A4F7556}") = "ADONETWPFDemo", "ADONETWPFDemo\ADONETWPFDemo.csproj", "{DE1FBAD2-D2EC-419E-9579-D90133DCE5D4}"
EndProject
Project("{2150E333-8FDC-42A3-9474-1A3956D46DE8}") = "ADO-NET", "ADO-NET", "{E9D4B3D0-85A8-4D23-84AF-7B8DE01EAC9F}"
	ProjectSection(SolutionItems) = preProject
		ADO.NET test.md = ADO.NET test.md
	EndProjectSection
EndProject
Project("{FAE04EC0-301F-11D3-BF4B-00C04F79EFBC}") = "DapperDemo", "DapperDemo\DapperDemo.csproj", "{053C7854-6E36-4BC5-960A-987324FF46D2}"
EndProject
Project("{FAE04EC0-301F-11D3-BF4B-00C04F79EFBC}") = "Cafe.Models", "Cafe.Models\Cafe.Models.csproj", "{486D6248-860F-41A5-B31B-D38932B9A933}"
EndProject
Project("{FAE04EC0-301F-11D3-BF4B-00C04F79EFBC}") = "EFCore Demo", "EFCore Demo\EFCore Demo.csproj", "{C2DA8B90-2D6F-4378-8D2A-EA62EABB192C}"
EndProject
Project("{FAE04EC0-301F-11D3-BF4B-00C04F79EFBC}") = "EFCoreMigrationDemo", "EFCoreMigrationDemo\EFCoreMigrationDemo.csproj", "{A1A795E8-C48B-4ED3-9883-323FEE7AA410}"
EndProject
Project("{FAE04EC0-301F-11D3-BF4B-00C04F79EFBC}") = "EFCoreMigrationDemoPostgresql", "EFCoreMigrationDemoPostgresql\EFCoreMigrationDemoPostgresql.csproj", "{B926CB28-5C96-4274-BF11-EFC857926E61}"
EndProject
Project("{FAE04EC0-301F-11D3-BF4B-00C04F79EFBC}") = "Cafe.Data", "ADONET\Cafe.Data\Cafe.Data.csproj", "{799662B0-9957-4C21-B2BE-E7CF3D9C4971}"
EndProject
Project("{FAE04EC0-301F-11D3-BF4B-00C04F79EFBC}") = "Cafe.Data.MSSQL", "ADONET\Cafe.Data.MSSQL\Cafe.Data.MSSQL.csproj", "{F20EA182-600D-4B79-9DB1-FA61A8DA6886}"
EndProject
Project("{FAE04EC0-301F-11D3-BF4B-00C04F79EFBC}") = "Cafe.Data.SQLIte", "ADONET\Cafe.Data.SQLIte\Cafe.Data.SQLIte.csproj", "{D04F2D26-A974-4E37-BA30-DCAA31E88D4A}"
EndProject
Project("{FAE04EC0-301F-11D3-BF4B-00C04F79EFBC}") = "Cafe", "ADONET\Cafe\Cafe.csproj", "{DE1D74EB-9DF9-4E8D-9B5D-E8FAF6E8CC15}"
EndProject
Project("{2150E333-8FDC-42A3-9474-1A3956D46DE8}") = "SYSTEMProg", "SYSTEMProg", "{96AC5DF7-4BDF-405D-BBBE-A24A5A936445}"
	ProjectSection(SolutionItems) = preProject
		DZ thread.md = DZ thread.md
		DZ Thread.txt = DZ Thread.txt
		test.md = test.md
	EndProjectSection
EndProject
Project("{FAE04EC0-301F-11D3-BF4B-00C04F79EFBC}") = "system_prog", "SystemProg\system_prog\system_prog.csproj", "{9B238698-F25C-4725-ACE4-E7AF39B92635}"
EndProject
Project("{FAE04EC0-301F-11D3-BF4B-00C04F79EFBC}") = "ProcessDemo", "SystemProg\ProcessDemo\ProcessDemo.csproj", "{A9BDAAE8-B763-44CD-A94A-1DE028055FA4}"
EndProject
Project("{FAE04EC0-301F-11D3-BF4B-00C04F79EFBC}") = "ProcessDemoCalc", "SystemProg\ProcessDemoCalc\ProcessDemoCalc.csproj", "{741EC6D8-B508-478E-8417-A09BABEBE3CC}"
EndProject
Project("{FAE04EC0-301F-11D3-BF4B-00C04F79EFBC}") = "ThreadDemo", "SystemProg\ThreadDemo\ThreadDemo.csproj", "{C3634700-6AEE-433B-90BF-6F8C9F38B1CF}"
EndProject
Project("{FAE04EC0-301F-11D3-BF4B-00C04F79EFBC}") = "MatrixLib", "MatrixLib\MatrixLib.csproj", "{BF85F29D-3588-4C65-953E-C9334D3E36E3}"
EndProject
Project("{FAE04EC0-301F-11D3-BF4B-00C04F79EFBC}") = "WPFThreadDemo", "WPFThreadDemo\WPFThreadDemo.csproj", "{7DBF6F76-EBE8-4AA9-A707-A71B5DFAB392}"
EndProject
Project("{FAE04EC0-301F-11D3-BF4B-00C04F79EFBC}") = "TaskDemo", "SystemProg\TaskDemo\TaskDemo.csproj", "{A218AEF4-4640-41BC-AAC8-E59AA93FF7B1}"
EndProject
Project("{FAE04EC0-301F-11D3-BF4B-00C04F79EFBC}") = "async-await-demo", "SystemProg\async-await-demo\async-await-demo.csproj", "{25B6F260-1752-4E90-A07B-41A3AF2521CC}"
EndProject
Project("{FAE04EC0-301F-11D3-BF4B-00C04F79EFBC}") = "MonitorDemo", "SystemProg\MonitorDemo\MonitorDemo.csproj", "{BEAE1241-FC9D-4801-AD9E-AD2D61DCE127}"
EndProject
Project("{FAE04EC0-301F-11D3-BF4B-00C04F79EFBC}") = "MutexDemo", "MutexDemo\MutexDemo.csproj", "{E9E7D690-3ABD-4E7D-B480-B3F88DB7501A}"
EndProject
Project("{FAE04EC0-301F-11D3-BF4B-00C04F79EFBC}") = "SemaphoreDemo", "SemaphoreDemo\SemaphoreDemo.csproj", "{9D5534B3-A574-46AA-B021-D8B23ADAD3CE}"
EndProject
Project("{FAE04EC0-301F-11D3-BF4B-00C04F79EFBC}") = "DLLUseDemo", "DLLUseDemo\DLLUseDemo.csproj", "{C37CE659-884C-4903-8AF3-3154D02A663B}"
EndProject
Project("{2150E333-8FDC-42A3-9474-1A3956D46DE8}") = "NETProg", "NETProg", "{3F8CC63C-A255-4045-BD17-C3E61D326599}"
EndProject
Project("{FAE04EC0-301F-11D3-BF4B-00C04F79EFBC}") = "SocketDemo", "NETProg\SocketDemo\SocketDemo.csproj", "{FD46E817-6B1A-47E9-872C-3EBB5F07B508}"
EndProject
Project("{FAE04EC0-301F-11D3-BF4B-00C04F79EFBC}") = "SocketListner", "NETProg\SocketListner\SocketListner.csproj", "{5C0A14A5-10EC-4112-A92F-CE329E0F7C03}"
EndProject
Project("{FAE04EC0-301F-11D3-BF4B-00C04F79EFBC}") = "SocketServer", "NETProg\SocketServer\SocketServer.csproj", "{74FF4A8F-4406-4971-895E-186FA3C71629}"
EndProject
Project("{FAE04EC0-301F-11D3-BF4B-00C04F79EFBC}") = "SocketClient", "SocketClient\SocketClient.csproj", "{2B8C9221-8A22-4CF1-9A1A-131F536ECA09}"
EndProject
Project("{FAE04EC0-301F-11D3-BF4B-00C04F79EFBC}") = "TCPDemo", "NETProg\TCPDemo\TCPDemo.csproj", "{54AEC6B6-FC8F-46BF-A16E-1714544192CA}"
EndProject
Project("{FAE04EC0-301F-11D3-BF4B-00C04F79EFBC}") = "UDPDemo", "NETProg\UDPDemo\UDPDemo.csproj", "{0E34A409-D4F2-4AE5-A4B2-18E975FB74B7}"
EndProject
Global
	GlobalSection(SolutionConfigurationPlatforms) = preSolution
		Debug|Any CPU = Debug|Any CPU
		Release|Any CPU = Release|Any CPU
	EndGlobalSection
	GlobalSection(ProjectConfigurationPlatforms) = postSolution
		{6CB7EA32-3ADD-471C-B8DE-8D5202103A97}.Debug|Any CPU.ActiveCfg = Debug|Any CPU
		{6CB7EA32-3ADD-471C-B8DE-8D5202103A97}.Debug|Any CPU.Build.0 = Debug|Any CPU
		{6CB7EA32-3ADD-471C-B8DE-8D5202103A97}.Release|Any CPU.ActiveCfg = Release|Any CPU
		{6CB7EA32-3ADD-471C-B8DE-8D5202103A97}.Release|Any CPU.Build.0 = Release|Any CPU
		{DE1FBAD2-D2EC-419E-9579-D90133DCE5D4}.Debug|Any CPU.ActiveCfg = Debug|Any CPU
		{DE1FBAD2-D2EC-419E-9579-D90133DCE5D4}.Debug|Any CPU.Build.0 = Debug|Any CPU
		{DE1FBAD2-D2EC-419E-9579-D90133DCE5D4}.Release|Any CPU.ActiveCfg = Release|Any CPU
		{DE1FBAD2-D2EC-419E-9579-D90133DCE5D4}.Release|Any CPU.Build.0 = Release|Any CPU
		{053C7854-6E36-4BC5-960A-987324FF46D2}.Debug|Any CPU.ActiveCfg = Debug|Any CPU
		{053C7854-6E36-4BC5-960A-987324FF46D2}.Debug|Any CPU.Build.0 = Debug|Any CPU
		{053C7854-6E36-4BC5-960A-987324FF46D2}.Release|Any CPU.ActiveCfg = Release|Any CPU
		{053C7854-6E36-4BC5-960A-987324FF46D2}.Release|Any CPU.Build.0 = Release|Any CPU
		{486D6248-860F-41A5-B31B-D38932B9A933}.Debug|Any CPU.ActiveCfg = Debug|Any CPU
		{486D6248-860F-41A5-B31B-D38932B9A933}.Debug|Any CPU.Build.0 = Debug|Any CPU
		{486D6248-860F-41A5-B31B-D38932B9A933}.Release|Any CPU.ActiveCfg = Release|Any CPU
		{486D6248-860F-41A5-B31B-D38932B9A933}.Release|Any CPU.Build.0 = Release|Any CPU
		{C2DA8B90-2D6F-4378-8D2A-EA62EABB192C}.Debug|Any CPU.ActiveCfg = Debug|Any CPU
		{C2DA8B90-2D6F-4378-8D2A-EA62EABB192C}.Debug|Any CPU.Build.0 = Debug|Any CPU
		{C2DA8B90-2D6F-4378-8D2A-EA62EABB192C}.Release|Any CPU.ActiveCfg = Release|Any CPU
		{C2DA8B90-2D6F-4378-8D2A-EA62EABB192C}.Release|Any CPU.Build.0 = Release|Any CPU
		{A1A795E8-C48B-4ED3-9883-323FEE7AA410}.Debug|Any CPU.ActiveCfg = Debug|Any CPU
		{A1A795E8-C48B-4ED3-9883-323FEE7AA410}.Debug|Any CPU.Build.0 = Debug|Any CPU
		{A1A795E8-C48B-4ED3-9883-323FEE7AA410}.Release|Any CPU.ActiveCfg = Release|Any CPU
		{A1A795E8-C48B-4ED3-9883-323FEE7AA410}.Release|Any CPU.Build.0 = Release|Any CPU
		{B926CB28-5C96-4274-BF11-EFC857926E61}.Debug|Any CPU.ActiveCfg = Debug|Any CPU
		{B926CB28-5C96-4274-BF11-EFC857926E61}.Debug|Any CPU.Build.0 = Debug|Any CPU
		{B926CB28-5C96-4274-BF11-EFC857926E61}.Release|Any CPU.ActiveCfg = Release|Any CPU
		{B926CB28-5C96-4274-BF11-EFC857926E61}.Release|Any CPU.Build.0 = Release|Any CPU
		{799662B0-9957-4C21-B2BE-E7CF3D9C4971}.Debug|Any CPU.ActiveCfg = Debug|Any CPU
		{799662B0-9957-4C21-B2BE-E7CF3D9C4971}.Debug|Any CPU.Build.0 = Debug|Any CPU
		{799662B0-9957-4C21-B2BE-E7CF3D9C4971}.Release|Any CPU.ActiveCfg = Release|Any CPU
		{799662B0-9957-4C21-B2BE-E7CF3D9C4971}.Release|Any CPU.Build.0 = Release|Any CPU
		{F20EA182-600D-4B79-9DB1-FA61A8DA6886}.Debug|Any CPU.ActiveCfg = Debug|Any CPU
		{F20EA182-600D-4B79-9DB1-FA61A8DA6886}.Debug|Any CPU.Build.0 = Debug|Any CPU
		{F20EA182-600D-4B79-9DB1-FA61A8DA6886}.Release|Any CPU.ActiveCfg = Release|Any CPU
		{F20EA182-600D-4B79-9DB1-FA61A8DA6886}.Release|Any CPU.Build.0 = Release|Any CPU
		{D04F2D26-A974-4E37-BA30-DCAA31E88D4A}.Debug|Any CPU.ActiveCfg = Debug|Any CPU
		{D04F2D26-A974-4E37-BA30-DCAA31E88D4A}.Debug|Any CPU.Build.0 = Debug|Any CPU
		{D04F2D26-A974-4E37-BA30-DCAA31E88D4A}.Release|Any CPU.ActiveCfg = Release|Any CPU
		{D04F2D26-A974-4E37-BA30-DCAA31E88D4A}.Release|Any CPU.Build.0 = Release|Any CPU
		{DE1D74EB-9DF9-4E8D-9B5D-E8FAF6E8CC15}.Debug|Any CPU.ActiveCfg = Debug|Any CPU
		{DE1D74EB-9DF9-4E8D-9B5D-E8FAF6E8CC15}.Debug|Any CPU.Build.0 = Debug|Any CPU
		{DE1D74EB-9DF9-4E8D-9B5D-E8FAF6E8CC15}.Release|Any CPU.ActiveCfg = Release|Any CPU
		{DE1D74EB-9DF9-4E8D-9B5D-E8FAF6E8CC15}.Release|Any CPU.Build.0 = Release|Any CPU
		{9B238698-F25C-4725-ACE4-E7AF39B92635}.Debug|Any CPU.ActiveCfg = Debug|Any CPU
		{9B238698-F25C-4725-ACE4-E7AF39B92635}.Debug|Any CPU.Build.0 = Debug|Any CPU
		{9B238698-F25C-4725-ACE4-E7AF39B92635}.Release|Any CPU.ActiveCfg = Release|Any CPU
		{9B238698-F25C-4725-ACE4-E7AF39B92635}.Release|Any CPU.Build.0 = Release|Any CPU
		{A9BDAAE8-B763-44CD-A94A-1DE028055FA4}.Debug|Any CPU.ActiveCfg = Debug|Any CPU
		{A9BDAAE8-B763-44CD-A94A-1DE028055FA4}.Debug|Any CPU.Build.0 = Debug|Any CPU
		{A9BDAAE8-B763-44CD-A94A-1DE028055FA4}.Release|Any CPU.ActiveCfg = Release|Any CPU
		{A9BDAAE8-B763-44CD-A94A-1DE028055FA4}.Release|Any CPU.Build.0 = Release|Any CPU
		{741EC6D8-B508-478E-8417-A09BABEBE3CC}.Debug|Any CPU.ActiveCfg = Debug|Any CPU
		{741EC6D8-B508-478E-8417-A09BABEBE3CC}.Debug|Any CPU.Build.0 = Debug|Any CPU
		{741EC6D8-B508-478E-8417-A09BABEBE3CC}.Release|Any CPU.ActiveCfg = Release|Any CPU
		{741EC6D8-B508-478E-8417-A09BABEBE3CC}.Release|Any CPU.Build.0 = Release|Any CPU
		{C3634700-6AEE-433B-90BF-6F8C9F38B1CF}.Debug|Any CPU.ActiveCfg = Debug|Any CPU
		{C3634700-6AEE-433B-90BF-6F8C9F38B1CF}.Debug|Any CPU.Build.0 = Debug|Any CPU
		{C3634700-6AEE-433B-90BF-6F8C9F38B1CF}.Release|Any CPU.ActiveCfg = Release|Any CPU
		{C3634700-6AEE-433B-90BF-6F8C9F38B1CF}.Release|Any CPU.Build.0 = Release|Any CPU
		{BF85F29D-3588-4C65-953E-C9334D3E36E3}.Debug|Any CPU.ActiveCfg = Debug|Any CPU
		{BF85F29D-3588-4C65-953E-C9334D3E36E3}.Debug|Any CPU.Build.0 = Debug|Any CPU
		{BF85F29D-3588-4C65-953E-C9334D3E36E3}.Release|Any CPU.ActiveCfg = Release|Any CPU
		{BF85F29D-3588-4C65-953E-C9334D3E36E3}.Release|Any CPU.Build.0 = Release|Any CPU
		{7DBF6F76-EBE8-4AA9-A707-A71B5DFAB392}.Debug|Any CPU.ActiveCfg = Debug|Any CPU
		{7DBF6F76-EBE8-4AA9-A707-A71B5DFAB392}.Debug|Any CPU.Build.0 = Debug|Any CPU
		{7DBF6F76-EBE8-4AA9-A707-A71B5DFAB392}.Release|Any CPU.ActiveCfg = Release|Any CPU
		{7DBF6F76-EBE8-4AA9-A707-A71B5DFAB392}.Release|Any CPU.Build.0 = Release|Any CPU
		{A218AEF4-4640-41BC-AAC8-E59AA93FF7B1}.Debug|Any CPU.ActiveCfg = Debug|Any CPU
		{A218AEF4-4640-41BC-AAC8-E59AA93FF7B1}.Debug|Any CPU.Build.0 = Debug|Any CPU
		{A218AEF4-4640-41BC-AAC8-E59AA93FF7B1}.Release|Any CPU.ActiveCfg = Release|Any CPU
		{A218AEF4-4640-41BC-AAC8-E59AA93FF7B1}.Release|Any CPU.Build.0 = Release|Any CPU
		{25B6F260-1752-4E90-A07B-41A3AF2521CC}.Debug|Any CPU.ActiveCfg = Debug|Any CPU
		{25B6F260-1752-4E90-A07B-41A3AF2521CC}.Debug|Any CPU.Build.0 = Debug|Any CPU
		{25B6F260-1752-4E90-A07B-41A3AF2521CC}.Release|Any CPU.ActiveCfg = Release|Any CPU
		{25B6F260-1752-4E90-A07B-41A3AF2521CC}.Release|Any CPU.Build.0 = Release|Any CPU
		{BEAE1241-FC9D-4801-AD9E-AD2D61DCE127}.Debug|Any CPU.ActiveCfg = Debug|Any CPU
		{BEAE1241-FC9D-4801-AD9E-AD2D61DCE127}.Debug|Any CPU.Build.0 = Debug|Any CPU
		{BEAE1241-FC9D-4801-AD9E-AD2D61DCE127}.Release|Any CPU.ActiveCfg = Release|Any CPU
		{BEAE1241-FC9D-4801-AD9E-AD2D61DCE127}.Release|Any CPU.Build.0 = Release|Any CPU
		{E9E7D690-3ABD-4E7D-B480-B3F88DB7501A}.Debug|Any CPU.ActiveCfg = Debug|Any CPU
		{E9E7D690-3ABD-4E7D-B480-B3F88DB7501A}.Debug|Any CPU.Build.0 = Debug|Any CPU
		{E9E7D690-3ABD-4E7D-B480-B3F88DB7501A}.Release|Any CPU.ActiveCfg = Release|Any CPU
		{E9E7D690-3ABD-4E7D-B480-B3F88DB7501A}.Release|Any CPU.Build.0 = Release|Any CPU
		{9D5534B3-A574-46AA-B021-D8B23ADAD3CE}.Debug|Any CPU.ActiveCfg = Debug|Any CPU
		{9D5534B3-A574-46AA-B021-D8B23ADAD3CE}.Debug|Any CPU.Build.0 = Debug|Any CPU
		{9D5534B3-A574-46AA-B021-D8B23ADAD3CE}.Release|Any CPU.ActiveCfg = Release|Any CPU
		{9D5534B3-A574-46AA-B021-D8B23ADAD3CE}.Release|Any CPU.Build.0 = Release|Any CPU
		{C37CE659-884C-4903-8AF3-3154D02A663B}.Debug|Any CPU.ActiveCfg = Debug|Any CPU
		{C37CE659-884C-4903-8AF3-3154D02A663B}.Debug|Any CPU.Build.0 = Debug|Any CPU
		{C37CE659-884C-4903-8AF3-3154D02A663B}.Release|Any CPU.ActiveCfg = Release|Any CPU
		{C37CE659-884C-4903-8AF3-3154D02A663B}.Release|Any CPU.Build.0 = Release|Any CPU
		{FD46E817-6B1A-47E9-872C-3EBB5F07B508}.Debug|Any CPU.ActiveCfg = Debug|Any CPU
		{FD46E817-6B1A-47E9-872C-3EBB5F07B508}.Debug|Any CPU.Build.0 = Debug|Any CPU
		{FD46E817-6B1A-47E9-872C-3EBB5F07B508}.Release|Any CPU.ActiveCfg = Release|Any CPU
		{FD46E817-6B1A-47E9-872C-3EBB5F07B508}.Release|Any CPU.Build.0 = Release|Any CPU
		{5C0A14A5-10EC-4112-A92F-CE329E0F7C03}.Debug|Any CPU.ActiveCfg = Debug|Any CPU
		{5C0A14A5-10EC-4112-A92F-CE329E0F7C03}.Debug|Any CPU.Build.0 = Debug|Any CPU
		{5C0A14A5-10EC-4112-A92F-CE329E0F7C03}.Release|Any CPU.ActiveCfg = Release|Any CPU
		{5C0A14A5-10EC-4112-A92F-CE329E0F7C03}.Release|Any CPU.Build.0 = Release|Any CPU
		{74FF4A8F-4406-4971-895E-186FA3C71629}.Debug|Any CPU.ActiveCfg = Debug|Any CPU
		{74FF4A8F-4406-4971-895E-186FA3C71629}.Debug|Any CPU.Build.0 = Debug|Any CPU
		{74FF4A8F-4406-4971-895E-186FA3C71629}.Release|Any CPU.ActiveCfg = Release|Any CPU
		{74FF4A8F-4406-4971-895E-186FA3C71629}.Release|Any CPU.Build.0 = Release|Any CPU
		{2B8C9221-8A22-4CF1-9A1A-131F536ECA09}.Debug|Any CPU.ActiveCfg = Debug|Any CPU
		{2B8C9221-8A22-4CF1-9A1A-131F536ECA09}.Debug|Any CPU.Build.0 = Debug|Any CPU
		{2B8C9221-8A22-4CF1-9A1A-131F536ECA09}.Release|Any CPU.ActiveCfg = Release|Any CPU
		{2B8C9221-8A22-4CF1-9A1A-131F536ECA09}.Release|Any CPU.Build.0 = Release|Any CPU
		{54AEC6B6-FC8F-46BF-A16E-1714544192CA}.Debug|Any CPU.ActiveCfg = Debug|Any CPU
		{54AEC6B6-FC8F-46BF-A16E-1714544192CA}.Debug|Any CPU.Build.0 = Debug|Any CPU
		{54AEC6B6-FC8F-46BF-A16E-1714544192CA}.Release|Any CPU.ActiveCfg = Release|Any CPU
		{54AEC6B6-FC8F-46BF-A16E-1714544192CA}.Release|Any CPU.Build.0 = Release|Any CPU
		{0E34A409-D4F2-4AE5-A4B2-18E975FB74B7}.Debug|Any CPU.ActiveCfg = Debug|Any CPU
		{0E34A409-D4F2-4AE5-A4B2-18E975FB74B7}.Debug|Any CPU.Build.0 = Debug|Any CPU
		{0E34A409-D4F2-4AE5-A4B2-18E975FB74B7}.Release|Any CPU.ActiveCfg = Release|Any CPU
		{0E34A409-D4F2-4AE5-A4B2-18E975FB74B7}.Release|Any CPU.Build.0 = Release|Any CPU
	EndGlobalSection
	GlobalSection(SolutionProperties) = preSolution
		HideSolutionNode = FALSE
	EndGlobalSection
	GlobalSection(NestedProjects) = preSolution
		{6CB7EA32-3ADD-471C-B8DE-8D5202103A97} = {E9D4B3D0-85A8-4D23-84AF-7B8DE01EAC9F}
		{DE1FBAD2-D2EC-419E-9579-D90133DCE5D4} = {E9D4B3D0-85A8-4D23-84AF-7B8DE01EAC9F}
		{9B238698-F25C-4725-ACE4-E7AF39B92635} = {96AC5DF7-4BDF-405D-BBBE-A24A5A936445}
		{A9BDAAE8-B763-44CD-A94A-1DE028055FA4} = {96AC5DF7-4BDF-405D-BBBE-A24A5A936445}
		{741EC6D8-B508-478E-8417-A09BABEBE3CC} = {96AC5DF7-4BDF-405D-BBBE-A24A5A936445}
		{C3634700-6AEE-433B-90BF-6F8C9F38B1CF} = {96AC5DF7-4BDF-405D-BBBE-A24A5A936445}
		{BF85F29D-3588-4C65-953E-C9334D3E36E3} = {96AC5DF7-4BDF-405D-BBBE-A24A5A936445}
		{7DBF6F76-EBE8-4AA9-A707-A71B5DFAB392} = {96AC5DF7-4BDF-405D-BBBE-A24A5A936445}
		{A218AEF4-4640-41BC-AAC8-E59AA93FF7B1} = {96AC5DF7-4BDF-405D-BBBE-A24A5A936445}
		{25B6F260-1752-4E90-A07B-41A3AF2521CC} = {96AC5DF7-4BDF-405D-BBBE-A24A5A936445}
		{BEAE1241-FC9D-4801-AD9E-AD2D61DCE127} = {96AC5DF7-4BDF-405D-BBBE-A24A5A936445}
		{E9E7D690-3ABD-4E7D-B480-B3F88DB7501A} = {96AC5DF7-4BDF-405D-BBBE-A24A5A936445}
		{9D5534B3-A574-46AA-B021-D8B23ADAD3CE} = {96AC5DF7-4BDF-405D-BBBE-A24A5A936445}
		{C37CE659-884C-4903-8AF3-3154D02A663B} = {96AC5DF7-4BDF-405D-BBBE-A24A5A936445}
		{FD46E817-6B1A-47E9-872C-3EBB5F07B508} = {3F8CC63C-A255-4045-BD17-C3E61D326599}
		{5C0A14A5-10EC-4112-A92F-CE329E0F7C03} = {3F8CC63C-A255-4045-BD17-C3E61D326599}
		{74FF4A8F-4406-4971-895E-186FA3C71629} = {3F8CC63C-A255-4045-BD17-C3E61D326599}
		{2B8C9221-8A22-4CF1-9A1A-131F536ECA09} = {3F8CC63C-A255-4045-BD17-C3E61D326599}
		{54AEC6B6-FC8F-46BF-A16E-1714544192CA} = {3F8CC63C-A255-4045-BD17-C3E61D326599}
		{0E34A409-D4F2-4AE5-A4B2-18E975FB74B7} = {3F8CC63C-A255-4045-BD17-C3E61D326599}
	EndGlobalSection
	GlobalSection(ExtensibilityGlobals) = postSolution
		SolutionGuid = {109A5F9F-CFCA-4BBA-815F-3736EEF254CA}
	EndGlobalSection
EndGlobal
